Microsoft Visual Studio Solution File, Format Version 12.00
# Visual Studio Version 17
VisualStudioVersion = 17.0.31903.59
MinimumVisualStudioVersion = 10.0.40219.1
Project("{9A19103F-16F7-4668-BE54-9A1E7A4F7556}") = "Icod.Terminal", "Icod.Terminal.csproj", "{C3A74E77-1B8C-426E-86A1-7D3696949710}"
EndProject
Project("{2150E333-8FDC-42A3-9474-1A3956D46DE8}") = "tests", "tests", "{1CD421BA-D28F-406F-9076-164964741474}"
EndProject
Project("{9A19103F-16F7-4668-BE54-9A1E7A4F7556}") = "Icod.Terminal.Tests", "tests\Icod.Terminal.Tests\Icod.Terminal.Tests.csproj", "{4BC77390-0FD3-40AA-A6AF-F4BA9B457C56}"
EndProject
Project("{2150E333-8FDC-42A3-9474-1A3956D46DE8}") = "samples", "samples", "{4C994810-850E-4753-82E5-4BD346EF574C}"
EndProject
Project("{9A19103F-16F7-4668-BE54-9A1E7A4F7556}") = "Icod.Terminal.Sample", "samples\Icod.Terminal.Sample\Icod.Terminal.Sample.csproj", "{7093D49E-2483-414C-9DE0-1B668B4DAC10}"
EndProject
Project("{9A19103F-16F7-4668-BE54-9A1E7A4F7556}") = "Icod.Terminal.RichInput.Sample", "samples\Icod.Terminal.RichInput.Sample\Icod.Terminal.RichInput.Sample.csproj", "{F8794364-A924-4B16-B27C-F54B6B1AE865}"
EndProject
Project("{9A19103F-16F7-4668-BE54-9A1E7A4F7556}") = "Icod.Terminal.Query.Sample", "samples\Icod.Terminal.Query.Sample\Icod.Terminal.Query.Sample.csproj", "{B7E69C85-326A-4EA8-8E11-774FEAE6D9D3}"
EndProject
Project("{9A19103F-16F7-4668-BE54-9A1E7A4F7556}") = "Icod.Terminal.Title.Sample", "samples\Icod.Terminal.Title.Sample\Icod.Terminal.Title.Sample.csproj", "{C7A9705A-7AEB-4183-9AA7-D5DD4E8A3B23}"
EndProject
Project("{9A19103F-16F7-4668-BE54-9A1E7A4F7556}") = "Icod.Terminal.Location.Sample", "samples\Icod.Terminal.Location.Sample\Icod.Terminal.Location.Sample.csproj", "{E5B48031-0B41-4911-B3E1-3ADAEF7D62AB}"
EndProject
Project("{9A19103F-16F7-4668-BE54-9A1E7A4F7556}") = "Icod.Terminal.Hyperlink.Sample", "samples\Icod.Terminal.Hyperlink.Sample\Icod.Terminal.Hyperlink.Sample.csproj", "{0B00CC3E-5263-4E41-B071-63DFE35C333D}"
EndProject
Global
	GlobalSection(SolutionConfigurationPlatforms) = preSolution
		Debug|Any CPU = Debug|Any CPU
		Staging|Any CPU = Staging|Any CPU
		Release|Any CPU = Release|Any CPU
	EndGlobalSection
	GlobalSection(ProjectConfigurationPlatforms) = postSolution
		{C3A74E77-1B8C-426E-86A1-7D3696949710}.Debug|Any CPU.ActiveCfg = Debug|Any CPU
		{C3A74E77-1B8C-426E-86A1-7D3696949710}.Debug|Any CPU.Build.0 = Debug|Any CPU
		{C3A74E77-1B8C-426E-86A1-7D3696949710}.Staging|Any CPU.ActiveCfg = Staging|Any CPU
		{C3A74E77-1B8C-426E-86A1-7D3696949710}.Staging|Any CPU.Build.0 = Staging|Any CPU
		{C3A74E77-1B8C-426E-86A1-7D3696949710}.Release|Any CPU.ActiveCfg = Release|Any CPU
		{C3A74E77-1B8C-426E-86A1-7D3696949710}.Release|Any CPU.Build.0 = Release|Any CPU
		{4BC77390-0FD3-40AA-A6AF-F4BA9B457C56}.Debug|Any CPU.ActiveCfg = Debug|Any CPU
		{4BC77390-0FD3-40AA-A6AF-F4BA9B457C56}.Debug|Any CPU.Build.0 = Debug|Any CPU
		{4BC77390-0FD3-40AA-A6AF-F4BA9B457C56}.Staging|Any CPU.ActiveCfg = Staging|Any CPU
		{4BC77390-0FD3-40AA-A6AF-F4BA9B457C56}.Staging|Any CPU.Build.0 = Staging|Any CPU
		{4BC77390-0FD3-40AA-A6AF-F4BA9B457C56}.Release|Any CPU.ActiveCfg = Release|Any CPU
		{4BC77390-0FD3-40AA-A6AF-F4BA9B457C56}.Release|Any CPU.Build.0 = Release|Any CPU
		{7093D49E-2483-414C-9DE0-1B668B4DAC10}.Debug|Any CPU.ActiveCfg = Debug|Any CPU
		{7093D49E-2483-414C-9DE0-1B668B4DAC10}.Debug|Any CPU.Build.0 = Debug|Any CPU
		{7093D49E-2483-414C-9DE0-1B668B4DAC10}.Staging|Any CPU.ActiveCfg = Staging|Any CPU
		{7093D49E-2483-414C-9DE0-1B668B4DAC10}.Staging|Any CPU.Build.0 = Staging|Any CPU
		{7093D49E-2483-414C-9DE0-1B668B4DAC10}.Release|Any CPU.ActiveCfg = Release|Any CPU
		{7093D49E-2483-414C-9DE0-1B668B4DAC10}.Release|Any CPU.Build.0 = Release|Any CPU
		{F8794364-A924-4B16-B27C-F54B6B1AE865}.Debug|Any CPU.ActiveCfg = Debug|Any CPU
		{F8794364-A924-4B16-B27C-F54B6B1AE865}.Debug|Any CPU.Build.0 = Debug|Any CPU
		{F8794364-A924-4B16-B27C-F54B6B1AE865}.Staging|Any CPU.ActiveCfg = Staging|Any CPU
		{F8794364-A924-4B16-B27C-F54B6B1AE865}.Staging|Any CPU.Build.0 = Staging|Any CPU
		{F8794364-A924-4B16-B27C-F54B6B1AE865}.Release|Any CPU.ActiveCfg = Release|Any CPU
		{F8794364-A924-4B16-B27C-F54B6B1AE865}.Release|Any CPU.Build.0 = Release|Any CPU
		{B7E69C85-326A-4EA8-8E11-774FEAE6D9D3}.Debug|Any CPU.ActiveCfg = Debug|Any CPU
		{B7E69C85-326A-4EA8-8E11-774FEAE6D9D3}.Debug|Any CPU.Build.0 = Debug|Any CPU
		{B7E69C85-326A-4EA8-8E11-774FEAE6D9D3}.Staging|Any CPU.ActiveCfg = Staging|Any CPU
		{B7E69C85-326A-4EA8-8E11-774FEAE6D9D3}.Staging|Any CPU.Build.0 = Staging|Any CPU
		{B7E69C85-326A-4EA8-8E11-774FEAE6D9D3}.Release|Any CPU.ActiveCfg = Release|Any CPU
		{B7E69C85-326A-4EA8-8E11-774FEAE6D9D3}.Release|Any CPU.Build.0 = Release|Any CPU
		{C7A9705A-7AEB-4183-9AA7-D5DD4E8A3B23}.Debug|Any CPU.ActiveCfg = Debug|Any CPU
		{C7A9705A-7AEB-4183-9AA7-D5DD4E8A3B23}.Debug|Any CPU.Build.0 = Debug|Any CPU
		{C7A9705A-7AEB-4183-9AA7-D5DD4E8A3B23}.Staging|Any CPU.ActiveCfg = Staging|Any CPU
		{C7A9705A-7AEB-4183-9AA7-D5DD4E8A3B23}.Staging|Any CPU.Build.0 = Staging|Any CPU
		{C7A9705A-7AEB-4183-9AA7-D5DD4E8A3B23}.Release|Any CPU.ActiveCfg = Release|Any CPU
		{C7A9705A-7AEB-4183-9AA7-D5DD4E8A3B23}.Release|Any CPU.Build.0 = Release|Any CPU
		{E5B48031-0B41-4911-B3E1-3ADAEF7D62AB}.Debug|Any CPU.ActiveCfg = Debug|Any CPU
		{E5B48031-0B41-4911-B3E1-3ADAEF7D62AB}.Debug|Any CPU.Build.0 = Debug|Any CPU
		{E5B48031-0B41-4911-B3E1-3ADAEF7D62AB}.Staging|Any CPU.ActiveCfg = Staging|Any CPU
		{E5B48031-0B41-4911-B3E1-3ADAEF7D62AB}.Staging|Any CPU.Build.0 = Staging|Any CPU
		{E5B48031-0B41-4911-B3E1-3ADAEF7D62AB}.Release|Any CPU.ActiveCfg = Release|Any CPU
		{E5B48031-0B41-4911-B3E1-3ADAEF7D62AB}.Release|Any CPU.Build.0 = Release|Any CPU
		{0B00CC3E-5263-4E41-B071-63DFE35C333D}.Debug|Any CPU.ActiveCfg = Debug|Any CPU
		{0B00CC3E-5263-4E41-B071-63DFE35C333D}.Debug|Any CPU.Build.0 = Debug|Any CPU
		{0B00CC3E-5263-4E41-B071-63DFE35C333D}.Staging|Any CPU.ActiveCfg = Staging|Any CPU
		{0B00CC3E-5263-4E41-B071-63DFE35C333D}.Staging|Any CPU.Build.0 = Staging|Any CPU
		{0B00CC3E-5263-4E41-B071-63DFE35C333D}.Release|Any CPU.ActiveCfg = Release|Any CPU
		{0B00CC3E-5263-4E41-B071-63DFE35C333D}.Release|Any CPU.Build.0 = Release|Any CPU
	EndGlobalSection
	GlobalSection(SolutionProperties) = preSolution
		HideSolutionNode = FALSE
	EndGlobalSection
	GlobalSection(NestedProjects) = preSolution
		{4BC77390-0FD3-40AA-A6AF-F4BA9B457C56} = {1CD421BA-D28F-406F-9076-164964741474}
		{7093D49E-2483-414C-9DE0-1B668B4DAC10} = {4C994810-850E-4753-82E5-4BD346EF574C}
		{F8794364-A924-4B16-B27C-F54B6B1AE865} = {4C994810-850E-4753-82E5-4BD346EF574C}
		{B7E69C85-326A-4EA8-8E11-774FEAE6D9D3} = {4C994810-850E-4753-82E5-4BD346EF574C}
		{C7A9705A-7AEB-4183-9AA7-D5DD4E8A3B23} = {4C994810-850E-4753-82E5-4BD346EF574C}
		{E5B48031-0B41-4911-B3E1-3ADAEF7D62AB} = {4C994810-850E-4753-82E5-4BD346EF574C}
		{0B00CC3E-5263-4E41-B071-63DFE35C333D} = {4C994810-850E-4753-82E5-4BD346EF574C}
	EndGlobalSection
EndGlobal
